
Microsoft Visual Studio Solution File, Format Version 12.00
# Visual Studio 15
VisualStudioVersion = 15.0.28307.168
MinimumVisualStudioVersion = 10.0.40219.1
Project("{FAE04EC0-301F-11D3-BF4B-00C04F79EFBC}") = "PopITTestProject", "PopITTestProject\PopITTestProject.csproj", "{EC114DFB-508C-4DD1-9F40-5CDF7C45EA0B}"
EndProject
Project("{FAE04EC0-301F-11D3-BF4B-00C04F79EFBC}") = "Engine", "Engine\Engine.csproj", "{C5E8BD38-C80E-436D-A0B8-0557B019139A}"
EndProject
Global
	GlobalSection(SolutionConfigurationPlatforms) = preSolution
		Debug|Any CPU = Debug|Any CPU
		Release|Any CPU = Release|Any CPU
	EndGlobalSection
	GlobalSection(ProjectConfigurationPlatforms) = postSolution
		{EC114DFB-508C-4DD1-9F40-5CDF7C45EA0B}.Debug|Any CPU.ActiveCfg = Debug|Any CPU
		{EC114DFB-508C-4DD1-9F40-5CDF7C45EA0B}.Debug|Any CPU.Build.0 = Debug|Any CPU
		{EC114DFB-508C-4DD1-9F40-5CDF7C45EA0B}.Release|Any CPU.ActiveCfg = Release|Any CPU
		{EC114DFB-508C-4DD1-9F40-5CDF7C45EA0B}.Release|Any CPU.Build.0 = Release|Any CPU
		{C5E8BD38-C80E-436D-A0B8-0557B019139A}.Debug|Any CPU.ActiveCfg = Debug|Any CPU
		{C5E8BD38-C80E-436D-A0B8-0557B019139A}.Debug|Any CPU.Build.0 = Debug|Any CPU
		{C5E8BD38-C80E-436D-A0B8-0557B019139A}.Release|Any CPU.ActiveCfg = Release|Any CPU
		{C5E8BD38-C80E-436D-A0B8-0557B019139A}.Release|Any CPU.Build.0 = Release|Any CPU
	EndGlobalSection
	GlobalSection(SolutionProperties) = preSolution
		HideSolutionNode = FALSE
	EndGlobalSection
	GlobalSection(ExtensibilityGlobals) = postSolution
		SolutionGuid = {88D2A1D2-0BCC-4F11-9112-C7A3D38BF20B}
	EndGlobalSection
EndGlobal
